
Microsoft Visual Studio Solution File, Format Version 12.00
# Visual Studio 2013
VisualStudioVersion = 12.0.31101.0
MinimumVisualStudioVersion = 10.0.40219.1
Project("{8BC9CEB8-8B4A-11D0-8D11-00A0C91BC942}") = "GGHCore", "GGHCore\GGHCore.vcxproj", "{B77FC965-CF3F-4679-9057-396C75F584A6}"
EndProject
Project("{8BC9CEB8-8B4A-11D0-8D11-00A0C91BC942}") = "GGHReloadable", "GGHReloadable\GGHReloadable.vcxproj", "{38625CA4-F842-4ECC-B303-FDD1050700BB}"
EndProject
Project("{8BC9CEB8-8B4A-11D0-8D11-00A0C91BC942}") = "Main", "Main\Main.vcxproj", "{7537CC59-927E-470C-AB8D-18FBE31D8A39}"
EndProject
Global
	GlobalSection(SolutionConfigurationPlatforms) = preSolution
		Debug|Win32 = Debug|Win32
		Release|Win32 = Release|Win32
	EndGlobalSection
	GlobalSection(ProjectConfigurationPlatforms) = postSolution
		{B77FC965-CF3F-4679-9057-396C75F584A6}.Debug|Win32.ActiveCfg = Debug|Win32
		{B77FC965-CF3F-4679-9057-396C75F584A6}.Debug|Win32.Build.0 = Debug|Win32
		{B77FC965-CF3F-4679-9057-396C75F584A6}.Release|Win32.ActiveCfg = Release|Win32
		{B77FC965-CF3F-4679-9057-396C75F584A6}.Release|Win32.Build.0 = Release|Win32
		{38625CA4-F842-4ECC-B303-FDD1050700BB}.Debug|Win32.ActiveCfg = Debug|Win32
		{38625CA4-F842-4ECC-B303-FDD1050700BB}.Debug|Win32.Build.0 = Debug|Win32
		{38625CA4-F842-4ECC-B303-FDD1050700BB}.Release|Win32.ActiveCfg = Release|Win32
		{38625CA4-F842-4ECC-B303-FDD1050700BB}.Release|Win32.Build.0 = Release|Win32
		{7537CC59-927E-470C-AB8D-18FBE31D8A39}.Debug|Win32.ActiveCfg = Debug|Win32
		{7537CC59-927E-470C-AB8D-18FBE31D8A39}.Debug|Win32.Build.0 = Debug|Win32
		{7537CC59-927E-470C-AB8D-18FBE31D8A39}.Release|Win32.ActiveCfg = Release|Win32
		{7537CC59-927E-470C-AB8D-18FBE31D8A39}.Release|Win32.Build.0 = Release|Win32
	EndGlobalSection
	GlobalSection(SolutionProperties) = preSolution
		HideSolutionNode = FALSE
	EndGlobalSection
EndGlobal
